
Microsoft Visual Studio Solution File, Format Version 12.00
# Visual Studio 15
VisualStudioVersion = 15.0.28307.539
MinimumVisualStudioVersion = 10.0.40219.1
Project("{FAE04EC0-301F-11D3-BF4B-00C04F79EFBC}") = "Converter", "Converter\Converter.csproj", "{1AC394AC-2B7A-4128-A9E7-A0647EB9EF31}"
EndProject
Project("{FAE04EC0-301F-11D3-BF4B-00C04F79EFBC}") = "ConverterTests", "ConverterTests\ConverterTests.csproj", "{F467D1D8-7538-4B74-AA40-9CB2352EBF88}"
EndProject
Global
	GlobalSection(SolutionConfigurationPlatforms) = preSolution
		Debug|Any CPU = Debug|Any CPU
		Release|Any CPU = Release|Any CPU
	EndGlobalSection
	GlobalSection(ProjectConfigurationPlatforms) = postSolution
		{1AC394AC-2B7A-4128-A9E7-A0647EB9EF31}.Debug|Any CPU.ActiveCfg = Debug|Any CPU
		{1AC394AC-2B7A-4128-A9E7-A0647EB9EF31}.Debug|Any CPU.Build.0 = Debug|Any CPU
		{1AC394AC-2B7A-4128-A9E7-A0647EB9EF31}.Release|Any CPU.ActiveCfg = Release|Any CPU
		{1AC394AC-2B7A-4128-A9E7-A0647EB9EF31}.Release|Any CPU.Build.0 = Release|Any CPU
		{F467D1D8-7538-4B74-AA40-9CB2352EBF88}.Debug|Any CPU.ActiveCfg = Debug|Any CPU
		{F467D1D8-7538-4B74-AA40-9CB2352EBF88}.Debug|Any CPU.Build.0 = Debug|Any CPU
		{F467D1D8-7538-4B74-AA40-9CB2352EBF88}.Release|Any CPU.ActiveCfg = Release|Any CPU
		{F467D1D8-7538-4B74-AA40-9CB2352EBF88}.Release|Any CPU.Build.0 = Release|Any CPU
	EndGlobalSection
	GlobalSection(SolutionProperties) = preSolution
		HideSolutionNode = FALSE
	EndGlobalSection
	GlobalSection(ExtensibilityGlobals) = postSolution
		SolutionGuid = {ADCCAC32-851E-4EFE-A286-49FA2AA7FD65}
	EndGlobalSection
EndGlobal
